
Microsoft Visual Studio Solution File, Format Version 12.00
# Visual Studio 15
VisualStudioVersion = 15.0.26730.12
MinimumVisualStudioVersion = 10.0.40219.1
Project("{FAE04EC0-301F-11D3-BF4B-00C04F79EFBC}") = "AirQuality", "AirQuality\AirQuality.csproj", "{CF19BF6B-BC0F-4532-83BD-B9F7C18C1581}"
EndProject
Project("{9A19103F-16F7-4668-BE54-9A1E7A4F7556}") = "AirQuality.Domain.Standard", "AirQuality.Domain.Standard\AirQuality.Domain.Standard.csproj", "{D95DB318-E565-45F6-8034-85816EAF9A1D}"
EndProject
Project("{FAE04EC0-301F-11D3-BF4B-00C04F79EFBC}") = "AirQuality.Domain", "AirQuality.Domain\AirQuality.Domain.csproj", "{329966E8-1B14-45F8-BE9A-BC7620E07FC8}"
EndProject
Project("{FAE04EC0-301F-11D3-BF4B-00C04F79EFBC}") = "AirQuality.Tests", "AirQuality.Tests\AirQuality.Tests.csproj", "{ED8EA33A-8E57-4FC3-8365-8F1F4FAF3229}"
EndProject
Project("{FAE04EC0-301F-11D3-BF4B-00C04F79EFBC}") = "Service", "Service\Service.csproj", "{44B073FC-872C-4CE5-A67C-DA78822FB458}"
EndProject
Project("{E53339B2-1760-4266-BCC7-CA923CBCF16C}") = "docker-compose", "docker-compose.dcproj", "{7103BD79-8855-4CEB-9F97-262CEAB6D6B6}"
EndProject
Global
	GlobalSection(SolutionConfigurationPlatforms) = preSolution
		Debug|Any CPU = Debug|Any CPU
		Debug|ARM = Debug|ARM
		Debug|x64 = Debug|x64
		Debug|x86 = Debug|x86
		Release|Any CPU = Release|Any CPU
		Release|ARM = Release|ARM
		Release|x64 = Release|x64
		Release|x86 = Release|x86
	EndGlobalSection
	GlobalSection(ProjectConfigurationPlatforms) = postSolution
		{CF19BF6B-BC0F-4532-83BD-B9F7C18C1581}.Debug|Any CPU.ActiveCfg = Debug|x86
		{CF19BF6B-BC0F-4532-83BD-B9F7C18C1581}.Debug|ARM.ActiveCfg = Debug|ARM
		{CF19BF6B-BC0F-4532-83BD-B9F7C18C1581}.Debug|ARM.Build.0 = Debug|ARM
		{CF19BF6B-BC0F-4532-83BD-B9F7C18C1581}.Debug|ARM.Deploy.0 = Debug|ARM
		{CF19BF6B-BC0F-4532-83BD-B9F7C18C1581}.Debug|x64.ActiveCfg = Debug|x64
		{CF19BF6B-BC0F-4532-83BD-B9F7C18C1581}.Debug|x64.Build.0 = Debug|x64
		{CF19BF6B-BC0F-4532-83BD-B9F7C18C1581}.Debug|x64.Deploy.0 = Debug|x64
		{CF19BF6B-BC0F-4532-83BD-B9F7C18C1581}.Debug|x86.ActiveCfg = Debug|x86
		{CF19BF6B-BC0F-4532-83BD-B9F7C18C1581}.Debug|x86.Build.0 = Debug|x86
		{CF19BF6B-BC0F-4532-83BD-B9F7C18C1581}.Debug|x86.Deploy.0 = Debug|x86
		{CF19BF6B-BC0F-4532-83BD-B9F7C18C1581}.Release|Any CPU.ActiveCfg = Release|x86
		{CF19BF6B-BC0F-4532-83BD-B9F7C18C1581}.Release|ARM.ActiveCfg = Release|ARM
		{CF19BF6B-BC0F-4532-83BD-B9F7C18C1581}.Release|ARM.Build.0 = Release|ARM
		{CF19BF6B-BC0F-4532-83BD-B9F7C18C1581}.Release|ARM.Deploy.0 = Release|ARM
		{CF19BF6B-BC0F-4532-83BD-B9F7C18C1581}.Release|x64.ActiveCfg = Release|x64
		{CF19BF6B-BC0F-4532-83BD-B9F7C18C1581}.Release|x64.Build.0 = Release|x64
		{CF19BF6B-BC0F-4532-83BD-B9F7C18C1581}.Release|x64.Deploy.0 = Release|x64
		{CF19BF6B-BC0F-4532-83BD-B9F7C18C1581}.Release|x86.ActiveCfg = Release|x86
		{CF19BF6B-BC0F-4532-83BD-B9F7C18C1581}.Release|x86.Build.0 = Release|x86
		{CF19BF6B-BC0F-4532-83BD-B9F7C18C1581}.Release|x86.Deploy.0 = Release|x86
		{D95DB318-E565-45F6-8034-85816EAF9A1D}.Debug|Any CPU.ActiveCfg = Debug|Any CPU
		{D95DB318-E565-45F6-8034-85816EAF9A1D}.Debug|Any CPU.Build.0 = Debug|Any CPU
		{D95DB318-E565-45F6-8034-85816EAF9A1D}.Debug|ARM.ActiveCfg = Debug|Any CPU
		{D95DB318-E565-45F6-8034-85816EAF9A1D}.Debug|ARM.Build.0 = Debug|Any CPU
		{D95DB318-E565-45F6-8034-85816EAF9A1D}.Debug|x64.ActiveCfg = Debug|Any CPU
		{D95DB318-E565-45F6-8034-85816EAF9A1D}.Debug|x64.Build.0 = Debug|Any CPU
		{D95DB318-E565-45F6-8034-85816EAF9A1D}.Debug|x86.ActiveCfg = Debug|Any CPU
		{D95DB318-E565-45F6-8034-85816EAF9A1D}.Debug|x86.Build.0 = Debug|Any CPU
		{D95DB318-E565-45F6-8034-85816EAF9A1D}.Release|Any CPU.ActiveCfg = Release|Any CPU
		{D95DB318-E565-45F6-8034-85816EAF9A1D}.Release|Any CPU.Build.0 = Release|Any CPU
		{D95DB318-E565-45F6-8034-85816EAF9A1D}.Release|ARM.ActiveCfg = Release|Any CPU
		{D95DB318-E565-45F6-8034-85816EAF9A1D}.Release|ARM.Build.0 = Release|Any CPU
		{D95DB318-E565-45F6-8034-85816EAF9A1D}.Release|x64.ActiveCfg = Release|Any CPU
		{D95DB318-E565-45F6-8034-85816EAF9A1D}.Release|x64.Build.0 = Release|Any CPU
		{D95DB318-E565-45F6-8034-85816EAF9A1D}.Release|x86.ActiveCfg = Release|Any CPU
		{D95DB318-E565-45F6-8034-85816EAF9A1D}.Release|x86.Build.0 = Release|Any CPU
		{329966E8-1B14-45F8-BE9A-BC7620E07FC8}.Debug|Any CPU.ActiveCfg = Debug|Any CPU
		{329966E8-1B14-45F8-BE9A-BC7620E07FC8}.Debug|Any CPU.Build.0 = Debug|Any CPU
		{329966E8-1B14-45F8-BE9A-BC7620E07FC8}.Debug|ARM.ActiveCfg = Debug|ARM
		{329966E8-1B14-45F8-BE9A-BC7620E07FC8}.Debug|ARM.Build.0 = Debug|ARM
		{329966E8-1B14-45F8-BE9A-BC7620E07FC8}.Debug|x64.ActiveCfg = Debug|x64
		{329966E8-1B14-45F8-BE9A-BC7620E07FC8}.Debug|x64.Build.0 = Debug|x64
		{329966E8-1B14-45F8-BE9A-BC7620E07FC8}.Debug|x86.ActiveCfg = Debug|x86
		{329966E8-1B14-45F8-BE9A-BC7620E07FC8}.Debug|x86.Build.0 = Debug|x86
		{329966E8-1B14-45F8-BE9A-BC7620E07FC8}.Release|Any CPU.ActiveCfg = Release|Any CPU
		{329966E8-1B14-45F8-BE9A-BC7620E07FC8}.Release|Any CPU.Build.0 = Release|Any CPU
		{329966E8-1B14-45F8-BE9A-BC7620E07FC8}.Release|ARM.ActiveCfg = Release|ARM
		{329966E8-1B14-45F8-BE9A-BC7620E07FC8}.Release|ARM.Build.0 = Release|ARM
		{329966E8-1B14-45F8-BE9A-BC7620E07FC8}.Release|x64.ActiveCfg = Release|x64
		{329966E8-1B14-45F8-BE9A-BC7620E07FC8}.Release|x64.Build.0 = Release|x64
		{329966E8-1B14-45F8-BE9A-BC7620E07FC8}.Release|x86.ActiveCfg = Release|x86
		{329966E8-1B14-45F8-BE9A-BC7620E07FC8}.Release|x86.Build.0 = Release|x86
		{ED8EA33A-8E57-4FC3-8365-8F1F4FAF3229}.Debug|Any CPU.ActiveCfg = Debug|Any CPU
		{ED8EA33A-8E57-4FC3-8365-8F1F4FAF3229}.Debug|Any CPU.Build.0 = Debug|Any CPU
		{ED8EA33A-8E57-4FC3-8365-8F1F4FAF3229}.Debug|ARM.ActiveCfg = Debug|Any CPU
		{ED8EA33A-8E57-4FC3-8365-8F1F4FAF3229}.Debug|ARM.Build.0 = Debug|Any CPU
		{ED8EA33A-8E57-4FC3-8365-8F1F4FAF3229}.Debug|x64.ActiveCfg = Debug|Any CPU
		{ED8EA33A-8E57-4FC3-8365-8F1F4FAF3229}.Debug|x64.Build.0 = Debug|Any CPU
		{ED8EA33A-8E57-4FC3-8365-8F1F4FAF3229}.Debug|x86.ActiveCfg = Debug|Any CPU
		{ED8EA33A-8E57-4FC3-8365-8F1F4FAF3229}.Debug|x86.Build.0 = Debug|Any CPU
		{ED8EA33A-8E57-4FC3-8365-8F1F4FAF3229}.Release|Any CPU.ActiveCfg = Release|Any CPU
		{ED8EA33A-8E57-4FC3-8365-8F1F4FAF3229}.Release|Any CPU.Build.0 = Release|Any CPU
		{ED8EA33A-8E57-4FC3-8365-8F1F4FAF3229}.Release|ARM.ActiveCfg = Release|Any CPU
		{ED8EA33A-8E57-4FC3-8365-8F1F4FAF3229}.Release|ARM.Build.0 = Release|Any CPU
		{ED8EA33A-8E57-4FC3-8365-8F1F4FAF3229}.Release|x64.ActiveCfg = Release|Any CPU
		{ED8EA33A-8E57-4FC3-8365-8F1F4FAF3229}.Release|x64.Build.0 = Release|Any CPU
		{ED8EA33A-8E57-4FC3-8365-8F1F4FAF3229}.Release|x86.ActiveCfg = Release|Any CPU
		{ED8EA33A-8E57-4FC3-8365-8F1F4FAF3229}.Release|x86.Build.0 = Release|Any CPU
		{44B073FC-872C-4CE5-A67C-DA78822FB458}.Debug|Any CPU.ActiveCfg = Debug|Any CPU
		{44B073FC-872C-4CE5-A67C-DA78822FB458}.Debug|Any CPU.Build.0 = Debug|Any CPU
		{44B073FC-872C-4CE5-A67C-DA78822FB458}.Debug|ARM.ActiveCfg = Debug|Any CPU
		{44B073FC-872C-4CE5-A67C-DA78822FB458}.Debug|ARM.Build.0 = Debug|Any CPU
		{44B073FC-872C-4CE5-A67C-DA78822FB458}.Debug|x64.ActiveCfg = Debug|Any CPU
		{44B073FC-872C-4CE5-A67C-DA78822FB458}.Debug|x64.Build.0 = Debug|Any CPU
		{44B073FC-872C-4CE5-A67C-DA78822FB458}.Debug|x86.ActiveCfg = Debug|Any CPU
		{44B073FC-872C-4CE5-A67C-DA78822FB458}.Debug|x86.Build.0 = Debug|Any CPU
		{44B073FC-872C-4CE5-A67C-DA78822FB458}.Release|Any CPU.ActiveCfg = Release|Any CPU
		{44B073FC-872C-4CE5-A67C-DA78822FB458}.Release|Any CPU.Build.0 = Release|Any CPU
		{44B073FC-872C-4CE5-A67C-DA78822FB458}.Release|ARM.ActiveCfg = Release|Any CPU
		{44B073FC-872C-4CE5-A67C-DA78822FB458}.Release|ARM.Build.0 = Release|Any CPU
		{44B073FC-872C-4CE5-A67C-DA78822FB458}.Release|x64.ActiveCfg = Release|Any CPU
		{44B073FC-872C-4CE5-A67C-DA78822FB458}.Release|x64.Build.0 = Release|Any CPU
		{44B073FC-872C-4CE5-A67C-DA78822FB458}.Release|x86.ActiveCfg = Release|Any CPU
		{44B073FC-872C-4CE5-A67C-DA78822FB458}.Release|x86.Build.0 = Release|Any CPU
		{7103BD79-8855-4CEB-9F97-262CEAB6D6B6}.Debug|Any CPU.ActiveCfg = Debug|Any CPU
		{7103BD79-8855-4CEB-9F97-262CEAB6D6B6}.Debug|Any CPU.Build.0 = Debug|Any CPU
		{7103BD79-8855-4CEB-9F97-262CEAB6D6B6}.Debug|ARM.ActiveCfg = Debug|Any CPU
		{7103BD79-8855-4CEB-9F97-262CEAB6D6B6}.Debug|ARM.Build.0 = Debug|Any CPU
		{7103BD79-8855-4CEB-9F97-262CEAB6D6B6}.Debug|x64.ActiveCfg = Debug|Any CPU
		{7103BD79-8855-4CEB-9F97-262CEAB6D6B6}.Debug|x64.Build.0 = Debug|Any CPU
		{7103BD79-8855-4CEB-9F97-262CEAB6D6B6}.Debug|x86.ActiveCfg = Debug|Any CPU
		{7103BD79-8855-4CEB-9F97-262CEAB6D6B6}.Debug|x86.Build.0 = Debug|Any CPU
		{7103BD79-8855-4CEB-9F97-262CEAB6D6B6}.Release|Any CPU.ActiveCfg = Release|Any CPU
		{7103BD79-8855-4CEB-9F97-262CEAB6D6B6}.Release|Any CPU.Build.0 = Release|Any CPU
		{7103BD79-8855-4CEB-9F97-262CEAB6D6B6}.Release|ARM.ActiveCfg = Release|Any CPU
		{7103BD79-8855-4CEB-9F97-262CEAB6D6B6}.Release|ARM.Build.0 = Release|Any CPU
		{7103BD79-8855-4CEB-9F97-262CEAB6D6B6}.Release|x64.ActiveCfg = Release|Any CPU
		{7103BD79-8855-4CEB-9F97-262CEAB6D6B6}.Release|x64.Build.0 = Release|Any CPU
		{7103BD79-8855-4CEB-9F97-262CEAB6D6B6}.Release|x86.ActiveCfg = Release|Any CPU
		{7103BD79-8855-4CEB-9F97-262CEAB6D6B6}.Release|x86.Build.0 = Release|Any CPU
	EndGlobalSection
	GlobalSection(SolutionProperties) = preSolution
		HideSolutionNode = FALSE
	EndGlobalSection
	GlobalSection(ExtensibilityGlobals) = postSolution
		SolutionGuid = {921A77F3-3D85-46F0-B9B8-222265DAF555}
	EndGlobalSection
EndGlobal
